// !$*UTF8*$!
{
	archiveVersion = 1;
	classes = {
	};
	objectVersion = 48;
	objects = {

/* Begin PBXBuildFile section */
		9ACE0A4220483CA700D7E77D /* AppDelegate.swift in Sources */ = {isa = PBXBuildFile; fileRef = 9ACE0A4120483CA700D7E77D /* AppDelegate.swift */; };
		9ACE0A4420483CA800D7E77D /* ViewController.swift in Sources */ = {isa = PBXBuildFile; fileRef = 9ACE0A4320483CA800D7E77D /* ViewController.swift */; };
		9ACE0A4720483CA800D7E77D /* Main.storyboard in Resources */ = {isa = PBXBuildFile; fileRef = 9ACE0A4520483CA800D7E77D /* Main.storyboard */; };
		9ACE0A4920483CA800D7E77D /* Assets.xcassets in Resources */ = {isa = PBXBuildFile; fileRef = 9ACE0A4820483CA800D7E77D /* Assets.xcassets */; };
		9ACE0A4C20483CA800D7E77D /* LaunchScreen.storyboard in Resources */ = {isa = PBXBuildFile; fileRef = 9ACE0A4A20483CA800D7E77D /* LaunchScreen.storyboard */; };
		9ACE0A5420483D1500D7E77D /* background.jpg in Resources */ = {isa = PBXBuildFile; fileRef = 9ACE0A5320483D1500D7E77D /* background.jpg */; };
/* End PBXBuildFile section */

/* Begin PBXFileReference section */
		9ACE0A3E20483CA700D7E77D /* ios-count.app */ = {isa = PBXFileReference; explicitFileType = wrapper.application; includeInIndex = 0; path = "ios-count.app"; sourceTree = BUILT_PRODUCTS_DIR; };
		9ACE0A4120483CA700D7E77D /* AppDelegate.swift */ = {isa = PBXFileReference; lastKnownFileType = sourcecode.swift; path = AppDelegate.swift; sourceTree = "<group>"; };
		9ACE0A4320483CA800D7E77D /* ViewController.swift */ = {isa = PBXFileReference; lastKnownFileType = sourcecode.swift; path = ViewController.swift; sourceTree = "<group>"; };
		9ACE0A4620483CA800D7E77D /* Base */ = {isa = PBXFileReference; lastKnownFileType = file.storyboard; name = Base; path = Base.lproj/Main.storyboard; sourceTree = "<group>"; };
		9ACE0A4820483CA800D7E77D /* Assets.xcassets */ = {isa = PBXFileReference; lastKnownFileType = folder.assetcatalog; path = Assets.xcassets; sourceTree = "<group>"; };
		9ACE0A4B20483CA800D7E77D /* Base */ = {isa = PBXFileReference; lastKnownFileType = file.storyboard; name = Base; path = Base.lproj/LaunchScreen.storyboard; sourceTree = "<group>"; };
		9ACE0A4D20483CA800D7E77D /* Info.plist */ = {isa = PBXFileReference; lastKnownFileType = text.plist.xml; path = Info.plist; sourceTree = "<group>"; };
		9ACE0A5320483D1500D7E77D /* background.jpg */ = {isa = PBXFileReference; lastKnownFileType = image.jpeg; path = background.jpg; sourceTree = "<group>"; };
/* End PBXFileReference section */

/* Begin PBXFrameworksBuildPhase section */
		9ACE0A3B20483CA700D7E77D /* Frameworks */ = {
			isa = PBXFrameworksBuildPhase;
			buildActionMask = 2147483647;
			files = (
			);
			runOnlyForDeploymentPostprocessing = 0;
		};
/* End PBXFrameworksBuildPhase section */

/* Begin PBXGroup section */
		9ACE0A3520483CA700D7E77D = {
			isa = PBXGroup;
			children = (
				9ACE0A4020483CA700D7E77D /* ios-count */,
				9ACE0A3F20483CA700D7E77D /* Products */,
			);
			sourceTree = "<group>";
		};
		9ACE0A3F20483CA700D7E77D /* Products */ = {
			isa = PBXGroup;
			children = (
				9ACE0A3E20483CA700D7E77D /* ios-count.app */,
			);
			name = Products;
			sourceTree = "<group>";
		};
		9ACE0A4020483CA700D7E77D /* ios-count */ = {
			isa = PBXGroup;
			children = (
				9ACE0A5320483D1500D7E77D /* background.jpg */,
				9ACE0A4120483CA700D7E77D /* AppDelegate.swift */,
				9ACE0A4320483CA800D7E77D /* ViewController.swift */,
				9ACE0A4520483CA800D7E77D /* Main.storyboard */,
				9ACE0A4820483CA800D7E77D /* Assets.xcassets */,
				9ACE0A4A20483CA800D7E77D /* LaunchScreen.storyboard */,
				9ACE0A4D20483CA800D7E77D /* Info.plist */,
			);
			path = "ios-count";
			sourceTree = "<group>";
		};
/* End PBXGroup section */

/* Begin PBXNativeTarget section */
		9ACE0A3D20483CA700D7E77D /* ios-count */ = {
			isa = PBXNativeTarget;
			buildConfigurationList = 9ACE0A5020483CA800D7E77D /* Build configuration list for PBXNativeTarget "ios-count" */;
			buildPhases = (
				9ACE0A3A20483CA700D7E77D /* Sources */,
				9ACE0A3B20483CA700D7E77D /* Frameworks */,
				9ACE0A3C20483CA700D7E77D /* Resources */,
			);
			buildRules = (
			);
			dependencies = (
			);
			name = "ios-count";
			productName = "ios-count";
			productReference = 9ACE0A3E20483CA700D7E77D /* ios-count.app */;
			productType = "com.apple.product-type.application";
		};
/* End PBXNativeTarget section */

/* Begin PBXProject section */
		9ACE0A3620483CA700D7E77D /* Project object */ = {
			isa = PBXProject;
			attributes = {
				LastSwiftUpdateCheck = 0920;
				LastUpgradeCheck = 0920;
				ORGANIZATIONNAME = "高原照太郎";
				TargetAttributes = {
					9ACE0A3D20483CA700D7E77D = {
						CreatedOnToolsVersion = 9.2;
						ProvisioningStyle = Automatic;
					};
				};
			};
			buildConfigurationList = 9ACE0A3920483CA700D7E77D /* Build configuration list for PBXProject "ios-count" */;
			compatibilityVersion = "Xcode 8.0";
			developmentRegion = en;
			hasScannedForEncodings = 0;
			knownRegions = (
				en,
				Base,
			);
			mainGroup = 9ACE0A3520483CA700D7E77D;
			productRefGroup = 9ACE0A3F20483CA700D7E77D /* Products */;
			projectDirPath = "";
			projectRoot = "";
			targets = (
				9ACE0A3D20483CA700D7E77D /* ios-count */,
			);
		};
/* End PBXProject section */

/* Begin PBXResourcesBuildPhase section */
		9ACE0A3C20483CA700D7E77D /* Resources */ = {
			isa = PBXResourcesBuildPhase;
			buildActionMask = 2147483647;
			files = (
				9ACE0A4C20483CA800D7E77D /* LaunchScreen.storyboard in Resources */,
				9ACE0A5420483D1500D7E77D /* background.jpg in Resources */,
				9ACE0A4920483CA800D7E77D /* Assets.xcassets in Resources */,
				9ACE0A4720483CA800D7E77D /* Main.storyboard in Resources */,
			);
			runOnlyForDeploymentPostprocessing = 0;
		};
/* End PBXResourcesBuildPhase section */

/* Begin PBXSourcesBuildPhase section */
		9ACE0A3A20483CA700D7E77D /* Sources */ = {
			isa = PBXSourcesBuildPhase;
			buildActionMask = 2147483647;
			files = (
				9ACE0A4420483CA800D7E77D /* ViewController.swift in Sources */,
				9ACE0A4220483CA700D7E77D /* AppDelegate.swift in Sources */,
			);
			runOnlyForDeploymentPostprocessing = 0;
		};
/* End PBXSourcesBuildPhase section */

/* Begin PBXVariantGroup section */
		9ACE0A4520483CA800D7E77D /* Main.storyboard */ = {
			isa = PBXVariantGroup;
			children = (
				9ACE0A4620483CA800D7E77D /* Base */,
			);
			name = Main.storyboard;
			sourceTree = "<group>";
		};
		9ACE0A4A20483CA800D7E77D /* LaunchScreen.storyboard */ = {
			isa = PBXVariantGroup;
			children = (
				9ACE0A4B20483CA800D7E77D /* Base */,
			);
			name = LaunchScreen.storyboard;
			sourceTree = "<group>";
		};
/* End PBXVariantGroup section */

/* Begin XCBuildConfiguration section */
		9ACE0A4E20483CA800D7E77D /* Debug */ = {
			isa = XCBuildConfiguration;
			buildSettings = {
				ALWAYS_SEARCH_USER_PATHS = NO;
				CLANG_ANALYZER_NONNULL = YES;
				CLANG_ANALYZER_NUMBER_OBJECT_CONVERSION = YES_AGGRESSIVE;
				CLANG_CXX_LANGUAGE_STANDARD = "gnu++14";
				CLANG_CXX_LIBRARY = "libc++";
				CLANG_ENABLE_MODULES = YES;
				CLANG_ENABLE_OBJC_ARC = YES;
				CLANG_WARN_BLOCK_CAPTURE_AUTORELEASING = YES;
				CLANG_WARN_BOOL_CONVERSION = YES;
				CLANG_WARN_COMMA = YES;
				CLANG_WARN_CONSTANT_CONVERSION = YES;
				CLANG_WARN_DIRECT_OBJC_ISA_USAGE = YES_ERROR;
				CLANG_WARN_DOCUMENTATION_COMMENTS = YES;
				CLANG_WARN_EMPTY_BODY = YES;
				CLANG_WARN_ENUM_CONVERSION = YES;
				CLANG_WARN_INFINITE_RECURSION = YES;
				CLANG_WARN_INT_CONVERSION = YES;
				CLANG_WARN_NON_LITERAL_NULL_CONVERSION = YES;
				CLANG_WARN_OBJC_LITERAL_CONVERSION = YES;
				CLANG_WARN_OBJC_ROOT_CLASS = YES_ERROR;
				CLANG_WARN_RANGE_LOOP_ANALYSIS = YES;
				CLANG_WARN_STRICT_PROTOTYPES = YES;
				CLANG_WARN_SUSPICIOUS_MOVE = YES;
				CLANG_WARN_UNGUARDED_AVAILABILITY = YES_AGGRESSIVE;
				CLANG_WARN_UNREACHABLE_CODE = YES;
				CLANG_WARN__DUPLICATE_METHOD_MATCH = YES;
				CODE_SIGN_IDENTITY = "iPhone Developer";
				COPY_PHASE_STRIP = NO;
				DEBUG_INFORMATION_FORMAT = dwarf;
				ENABLE_STRICT_OBJC_MSGSEND = YES;
				ENABLE_TESTABILITY = YES;
				GCC_C_LANGUAGE_STANDARD = gnu11;
				GCC_DYNAMIC_NO_PIC = NO;
				GCC_NO_COMMON_BLOCKS = YES;
				GCC_OPTIMIZATION_LEVEL = 0;
				GCC_PREPROCESSOR_DEFINITIONS = (
					"DEBUG=1",
					"$(inherited)",
				);
				GCC_WARN_64_TO_32_BIT_CONVERSION = YES;
				GCC_WARN_ABOUT_RETURN_TYPE = YES_ERROR;
				GCC_WARN_UNDECLARED_SELECTOR = YES;
				GCC_WARN_UNINITIALIZED_AUTOS = YES_AGGRESSIVE;
				GCC_WARN_UNUSED_FUNCTION = YES;
				GCC_WARN_UNUSED_VARIABLE = YES;
				IPHONEOS_DEPLOYMENT_TARGET = 11.2;
				MTL_ENABLE_DEBUG_INFO = YES;
				ONLY_ACTIVE_ARCH = YES;
				SDKROOT = iphoneos;
				SWIFT_ACTIVE_COMPILATION_CONDITIONS = DEBUG;
				SWIFT_OPTIMIZATION_LEVEL = "-Onone";
			};
			name = Debug;
		};
		9ACE0A4F20483CA800D7E77D /* Release */ = {
			isa = XCBuildConfiguration;
			buildSettings = {
				ALWAYS_SEARCH_USER_PATHS = NO;
				CLANG_ANALYZER_NONNULL = YES;
				CLANG_ANALYZER_NUMBER_OBJECT_CONVERSION = YES_AGGRESSIVE;
				CLANG_CXX_LANGUAGE_STANDARD = "gnu++14";
				CLANG_CXX_LIBRARY = "libc++";
				CLANG_ENABLE_MODULES = YES;
				CLANG_ENABLE_OBJC_ARC = YES;
				CLANG_WARN_BLOCK_CAPTURE_AUTORELEASING = YES;
				CLANG_WARN_BOOL_CONVERSION = YES;
				CLANG_WARN_COMMA = YES;
				CLANG_WARN_CONSTANT_CONVERSION = YES;
				CLANG_WARN_DIRECT_OBJC_ISA_USAGE = YES_ERROR;
				CLANG_WARN_DOCUMENTATION_COMMENTS = YES;
				CLANG_WARN_EMPTY_BODY = YES;
				CLANG_WARN_ENUM_CONVERSION = YES;
				CLANG_WARN_INFINITE_RECURSION = YES;
				CLANG_WARN_INT_CONVERSION = YES;
				CLANG_WARN_NON_LITERAL_NULL_CONVERSION = YES;
				CLANG_WARN_OBJC_LITERAL_CONVERSION = YES;
				CLANG_WARN_OBJC_ROOT_CLASS = YES_ERROR;
				CLANG_WARN_RANGE_LOOP_ANALYSIS = YES;
				CLANG_WARN_STRICT_PROTOTYPES = YES;
				CLANG_WARN_SUSPICIOUS_MOVE = YES;
				CLANG_WARN_UNGUARDED_AVAILABILITY = YES_AGGRESSIVE;
				CLANG_WARN_UNREACHABLE_CODE = YES;
				CLANG_WARN__DUPLICATE_METHOD_MATCH = YES;
				CODE_SIGN_IDENTITY = "iPhone Developer";
				COPY_PHASE_STRIP = NO;
				DEBUG_INFORMATION_FORMAT = "dwarf-with-dsym";
				ENABLE_NS_ASSERTIONS = NO;
				ENABLE_STRICT_OBJC_MSGSEND = YES;
				GCC_C_LANGUAGE_STANDARD = gnu11;
				GCC_NO_COMMON_BLOCKS = YES;
				GCC_WARN_64_TO_32_BIT_CONVERSION = YES;
				GCC_WARN_ABOUT_RETURN_TYPE = YES_ERROR;
				GCC_WARN_UNDECLARED_SELECTOR = YES;
				GCC_WARN_UNINITIALIZED_AUTOS = YES_AGGRESSIVE;
				GCC_WARN_UNUSED_FUNCTION = YES;
				GCC_WARN_UNUSED_VARIABLE = YES;
				IPHONEOS_DEPLOYMENT_TARGET = 11.2;
				MTL_ENABLE_DEBUG_INFO = NO;
				SDKROOT = iphoneos;
				SWIFT_OPTIMIZATION_LEVEL = "-Owholemodule";
				VALIDATE_PRODUCT = YES;
			};
			name = Release;
		};
		9ACE0A5120483CA800D7E77D /* Debug */ = {
			isa = XCBuildConfiguration;
			buildSettings = {
				ASSETCATALOG_COMPILER_APPICON_NAME = AppIcon;
				CODE_SIGN_STYLE = Automatic;
				DEVELOPMENT_TEAM = R3YR7M7R92;
				INFOPLIST_FILE = "ios-count/Info.plist";
				LD_RUNPATH_SEARCH_PATHS = "$(inherited) @executable_path/Frameworks";
				PRODUCT_BUNDLE_IDENTIFIER = "takasho-tutrial.ios-count";
				PRODUCT_NAME = "$(TARGET_NAME)";
				SWIFT_VERSION = 4.0;
				TARGETED_DEVICE_FAMILY = "1,2";
			};
			name = Debug;
		};
		9ACE0A5220483CA800D7E77D /* Release */ = {
			isa = XCBuildConfiguration;
			buildSettings = {
				ASSETCATALOG_COMPILER_APPICON_NAME = AppIcon;
				CODE_SIGN_STYLE = Automatic;
				DEVELOPMENT_TEAM = R3YR7M7R92;
				INFOPLIST_FILE = "ios-count/Info.plist";
				LD_RUNPATH_SEARCH_PATHS = "$(inherited) @executable_path/Frameworks";
				PRODUCT_BUNDLE_IDENTIFIER = "takasho-tutrial.ios-count";
				PRODUCT_NAME = "$(TARGET_NAME)";
				SWIFT_VERSION = 4.0;
				TARGETED_DEVICE_FAMILY = "1,2";
			};
			name = Release;
		};
/* End XCBuildConfiguration section */

/* Begin XCConfigurationList section */
		9ACE0A3920483CA700D7E77D /* Build configuration list for PBXProject "ios-count" */ = {
			isa = XCConfigurationList;
			buildConfigurations = (
				9ACE0A4E20483CA800D7E77D /* Debug */,
				9ACE0A4F20483CA800D7E77D /* Release */,
			);
			defaultConfigurationIsVisible = 0;
			defaultConfigurationName = Release;
		};
		9ACE0A5020483CA800D7E77D /* Build configuration list for PBXNativeTarget "ios-count" */ = {
			isa = XCConfigurationList;
			buildConfigurations = (
				9ACE0A5120483CA800D7E77D /* Debug */,
				9ACE0A5220483CA800D7E77D /* Release */,
			);
			defaultConfigurationIsVisible = 0;
			defaultConfigurationName = Release;
		};
/* End XCConfigurationList section */
	};
	rootObject = 9ACE0A3620483CA700D7E77D /* Project object */;
}
